
Microsoft Visual Studio Solution File, Format Version 12.00
# Visual Studio Version 17
VisualStudioVersion = 17.4.33205.214
MinimumVisualStudioVersion = 10.0.40219.1
Project("{FAE04EC0-301F-11D3-BF4B-00C04F79EFBC}") = "CqrsMediatr", "CqrsMediatr\CqrsMediatr.csproj", "{78BE4B2F-01D3-42E0-867A-BA63405E5DAB}"
EndProject
Global
	GlobalSection(SolutionConfigurationPlatforms) = preSolution
		Debug|Any CPU = Debug|Any CPU
		Release|Any CPU = Release|Any CPU
	EndGlobalSection
	GlobalSection(ProjectConfigurationPlatforms) = postSolution
		{78BE4B2F-01D3-42E0-867A-BA63405E5DAB}.Debug|Any CPU.ActiveCfg = Debug|Any CPU
		{78BE4B2F-01D3-42E0-867A-BA63405E5DAB}.Debug|Any CPU.Build.0 = Debug|Any CPU
		{78BE4B2F-01D3-42E0-867A-BA63405E5DAB}.Release|Any CPU.ActiveCfg = Release|Any CPU
		{78BE4B2F-01D3-42E0-867A-BA63405E5DAB}.Release|Any CPU.Build.0 = Release|Any CPU
	EndGlobalSection
	GlobalSection(SolutionProperties) = preSolution
		HideSolutionNode = FALSE
	EndGlobalSection
	GlobalSection(ExtensibilityGlobals) = postSolution
		SolutionGuid = {FDD647A4-D0AB-4DED-AD43-988E44B86AE4}
	EndGlobalSection
EndGlobal
